// !$*UTF8*$!
{
	archiveVersion = 1;
	classes = {
	};
	objectVersion = 46;
	objects = {

/* Begin PBXBuildFile section */
		E0DA86F01C06E5D000111530 /* AppDelegate.swift in Sources */ = {isa = PBXBuildFile; fileRef = E0DA86EF1C06E5D000111530 /* AppDelegate.swift */; };
		E0DA86F21C06E5D000111530 /* ViewController.swift in Sources */ = {isa = PBXBuildFile; fileRef = E0DA86F11C06E5D000111530 /* ViewController.swift */; };
		E0DA86F51C06E5D000111530 /* Main.storyboard in Resources */ = {isa = PBXBuildFile; fileRef = E0DA86F31C06E5D000111530 /* Main.storyboard */; };
		E0DA86F71C06E5D000111530 /* Assets.xcassets in Resources */ = {isa = PBXBuildFile; fileRef = E0DA86F61C06E5D000111530 /* Assets.xcassets */; };
		E0DA86FA1C06E5D000111530 /* LaunchScreen.storyboard in Resources */ = {isa = PBXBuildFile; fileRef = E0DA86F81C06E5D000111530 /* LaunchScreen.storyboard */; };
		E0DA87051C06E5D000111530 /* TestAppTests.swift in Sources */ = {isa = PBXBuildFile; fileRef = E0DA87041C06E5D000111530 /* TestAppTests.swift */; };
		E0DA87101C06E5D000111530 /* TestAppUITests.swift in Sources */ = {isa = PBXBuildFile; fileRef = E0DA870F1C06E5D000111530 /* TestAppUITests.swift */; };
/* End PBXBuildFile section */

/* Begin PBXContainerItemProxy section */
		E0DA87011C06E5D000111530 /* PBXContainerItemProxy */ = {
			isa = PBXContainerItemProxy;
			containerPortal = E0DA86E41C06E5D000111530 /* Project object */;
			proxyType = 1;
			remoteGlobalIDString = E0DA86EB1C06E5D000111530;
			remoteInfo = TestApp;
		};
		E0DA870C1C06E5D000111530 /* PBXContainerItemProxy */ = {
			isa = PBXContainerItemProxy;
			containerPortal = E0DA86E41C06E5D000111530 /* Project object */;
			proxyType = 1;
			remoteGlobalIDString = E0DA86EB1C06E5D000111530;
			remoteInfo = TestApp;
		};
/* End PBXContainerItemProxy section */

/* Begin PBXFileReference section */
		E0DA86EC1C06E5D000111530 /* TestApp.app */ = {isa = PBXFileReference; explicitFileType = wrapper.application; includeInIndex = 0; path = TestApp.app; sourceTree = BUILT_PRODUCTS_DIR; };
		E0DA86EF1C06E5D000111530 /* AppDelegate.swift */ = {isa = PBXFileReference; lastKnownFileType = sourcecode.swift; path = AppDelegate.swift; sourceTree = "<group>"; };
		E0DA86F11C06E5D000111530 /* ViewController.swift */ = {isa = PBXFileReference; lastKnownFileType = sourcecode.swift; path = ViewController.swift; sourceTree = "<group>"; };
		E0DA86F41C06E5D000111530 /* Base */ = {isa = PBXFileReference; lastKnownFileType = file.storyboard; name = Base; path = Base.lproj/Main.storyboard; sourceTree = "<group>"; };
		E0DA86F61C06E5D000111530 /* Assets.xcassets */ = {isa = PBXFileReference; lastKnownFileType = folder.assetcatalog; path = Assets.xcassets; sourceTree = "<group>"; };
		E0DA86F91C06E5D000111530 /* Base */ = {isa = PBXFileReference; lastKnownFileType = file.storyboard; name = Base; path = Base.lproj/LaunchScreen.storyboard; sourceTree = "<group>"; };
		E0DA86FB1C06E5D000111530 /* Info.plist */ = {isa = PBXFileReference; lastKnownFileType = text.plist.xml; path = Info.plist; sourceTree = "<group>"; };
		E0DA87001C06E5D000111530 /* TestAppTests.xctest */ = {isa = PBXFileReference; explicitFileType = wrapper.cfbundle; includeInIndex = 0; path = TestAppTests.xctest; sourceTree = BUILT_PRODUCTS_DIR; };
		E0DA87041C06E5D000111530 /* TestAppTests.swift */ = {isa = PBXFileReference; lastKnownFileType = sourcecode.swift; path = TestAppTests.swift; sourceTree = "<group>"; };
		E0DA87061C06E5D000111530 /* Info.plist */ = {isa = PBXFileReference; lastKnownFileType = text.plist.xml; path = Info.plist; sourceTree = "<group>"; };
		E0DA870B1C06E5D000111530 /* TestAppUITests.xctest */ = {isa = PBXFileReference; explicitFileType = wrapper.cfbundle; includeInIndex = 0; path = TestAppUITests.xctest; sourceTree = BUILT_PRODUCTS_DIR; };
		E0DA870F1C06E5D000111530 /* TestAppUITests.swift */ = {isa = PBXFileReference; lastKnownFileType = sourcecode.swift; path = TestAppUITests.swift; sourceTree = "<group>"; };
		E0DA87111C06E5D000111530 /* Info.plist */ = {isa = PBXFileReference; lastKnownFileType = text.plist.xml; path = Info.plist; sourceTree = "<group>"; };
/* End PBXFileReference section */

/* Begin PBXFrameworksBuildPhase section */
		E0DA86E91C06E5D000111530 /* Frameworks */ = {
			isa = PBXFrameworksBuildPhase;
			buildActionMask = 2147483647;
			files = (
			);
			runOnlyForDeploymentPostprocessing = 0;
		};
		E0DA86FD1C06E5D000111530 /* Frameworks */ = {
			isa = PBXFrameworksBuildPhase;
			buildActionMask = 2147483647;
			files = (
			);
			runOnlyForDeploymentPostprocessing = 0;
		};
		E0DA87081C06E5D000111530 /* Frameworks */ = {
			isa = PBXFrameworksBuildPhase;
			buildActionMask = 2147483647;
			files = (
			);
			runOnlyForDeploymentPostprocessing = 0;
		};
/* End PBXFrameworksBuildPhase section */

/* Begin PBXGroup section */
		E0DA86E31C06E5D000111530 = {
			isa = PBXGroup;
			children = (
				E0DA86EE1C06E5D000111530 /* TestApp */,
				E0DA87031C06E5D000111530 /* TestAppTests */,
				E0DA870E1C06E5D000111530 /* TestAppUITests */,
				E0DA86ED1C06E5D000111530 /* Products */,
			);
			sourceTree = "<group>";
		};
		E0DA86ED1C06E5D000111530 /* Products */ = {
			isa = PBXGroup;
			children = (
				E0DA86EC1C06E5D000111530 /* TestApp.app */,
				E0DA87001C06E5D000111530 /* TestAppTests.xctest */,
				E0DA870B1C06E5D000111530 /* TestAppUITests.xctest */,
			);
			name = Products;
			sourceTree = "<group>";
		};
		E0DA86EE1C06E5D000111530 /* TestApp */ = {
			isa = PBXGroup;
			children = (
				E0DA86EF1C06E5D000111530 /* AppDelegate.swift */,
				E0DA86F11C06E5D000111530 /* ViewController.swift */,
				E0DA86F31C06E5D000111530 /* Main.storyboard */,
				E0DA86F61C06E5D000111530 /* Assets.xcassets */,
				E0DA86F81C06E5D000111530 /* LaunchScreen.storyboard */,
				E0DA86FB1C06E5D000111530 /* Info.plist */,
			);
			path = TestApp;
			sourceTree = "<group>";
		};
		E0DA87031C06E5D000111530 /* TestAppTests */ = {
			isa = PBXGroup;
			children = (
				E0DA87041C06E5D000111530 /* TestAppTests.swift */,
				E0DA87061C06E5D000111530 /* Info.plist */,
			);
			path = TestAppTests;
			sourceTree = "<group>";
		};
		E0DA870E1C06E5D000111530 /* TestAppUITests */ = {
			isa = PBXGroup;
			children = (
				E0DA870F1C06E5D000111530 /* TestAppUITests.swift */,
				E0DA87111C06E5D000111530 /* Info.plist */,
			);
			path = TestAppUITests;
			sourceTree = "<group>";
		};
/* End PBXGroup section */

/* Begin PBXNativeTarget section */
		E0DA86EB1C06E5D000111530 /* TestApp */ = {
			isa = PBXNativeTarget;
			buildConfigurationList = E0DA87141C06E5D000111530 /* Build configuration list for PBXNativeTarget "TestApp" */;
			buildPhases = (
				E0DA86E81C06E5D000111530 /* Sources */,
				E0DA86E91C06E5D000111530 /* Frameworks */,
				E0DA86EA1C06E5D000111530 /* Resources */,
			);
			buildRules = (
			);
			dependencies = (
			);
			name = TestApp;
			productName = TestApp;
			productReference = E0DA86EC1C06E5D000111530 /* TestApp.app */;
			productType = "com.apple.product-type.application";
		};
		E0DA86FF1C06E5D000111530 /* TestAppTests */ = {
			isa = PBXNativeTarget;
			buildConfigurationList = E0DA87171C06E5D000111530 /* Build configuration list for PBXNativeTarget "TestAppTests" */;
			buildPhases = (
				E0DA86FC1C06E5D000111530 /* Sources */,
				E0DA86FD1C06E5D000111530 /* Frameworks */,
				E0DA86FE1C06E5D000111530 /* Resources */,
			);
			buildRules = (
			);
			dependencies = (
				E0DA87021C06E5D000111530 /* PBXTargetDependency */,
			);
			name = TestAppTests;
			productName = TestAppTests;
			productReference = E0DA87001C06E5D000111530 /* TestAppTests.xctest */;
			productType = "com.apple.product-type.bundle.unit-test";
		};
		E0DA870A1C06E5D000111530 /* TestAppUITests */ = {
			isa = PBXNativeTarget;
			buildConfigurationList = E0DA871A1C06E5D000111530 /* Build configuration list for PBXNativeTarget "TestAppUITests" */;
			buildPhases = (
				E0DA87071C06E5D000111530 /* Sources */,
				E0DA87081C06E5D000111530 /* Frameworks */,
				E0DA87091C06E5D000111530 /* Resources */,
			);
			buildRules = (
			);
			dependencies = (
				E0DA870D1C06E5D000111530 /* PBXTargetDependency */,
			);
			name = TestAppUITests;
			productName = TestAppUITests;
			productReference = E0DA870B1C06E5D000111530 /* TestAppUITests.xctest */;
			productType = "com.apple.product-type.bundle.ui-testing";
		};
/* End PBXNativeTarget section */

/* Begin PBXProject section */
		E0DA86E41C06E5D000111530 /* Project object */ = {
			isa = PBXProject;
			attributes = {
				LastSwiftUpdateCheck = 0710;
				LastUpgradeCheck = 0710;
				ORGANIZATIONNAME = Chandresh;
				TargetAttributes = {
					E0DA86EB1C06E5D000111530 = {
						CreatedOnToolsVersion = 7.1;
					};
					E0DA86FF1C06E5D000111530 = {
						CreatedOnToolsVersion = 7.1;
						TestTargetID = E0DA86EB1C06E5D000111530;
					};
					E0DA870A1C06E5D000111530 = {
						CreatedOnToolsVersion = 7.1;
						TestTargetID = E0DA86EB1C06E5D000111530;
					};
				};
			};
			buildConfigurationList = E0DA86E71C06E5D000111530 /* Build configuration list for PBXProject "TestApp" */;
			compatibilityVersion = "Xcode 3.2";
			developmentRegion = English;
			hasScannedForEncodings = 0;
			knownRegions = (
				en,
				Base,
			);
			mainGroup = E0DA86E31C06E5D000111530;
			productRefGroup = E0DA86ED1C06E5D000111530 /* Products */;
			projectDirPath = "";
			projectRoot = "";
			targets = (
				E0DA86EB1C06E5D000111530 /* TestApp */,
				E0DA86FF1C06E5D000111530 /* TestAppTests */,
				E0DA870A1C06E5D000111530 /* TestAppUITests */,
			);
		};
/* End PBXProject section */

/* Begin PBXResourcesBuildPhase section */
		E0DA86EA1C06E5D000111530 /* Resources */ = {
			isa = PBXResourcesBuildPhase;
			buildActionMask = 2147483647;
			files = (
				E0DA86FA1C06E5D000111530 /* LaunchScreen.storyboard in Resources */,
				E0DA86F71C06E5D000111530 /* Assets.xcassets in Resources */,
				E0DA86F51C06E5D000111530 /* Main.storyboard in Resources */,
			);
			runOnlyForDeploymentPostprocessing = 0;
		};
		E0DA86FE1C06E5D000111530 /* Resources */ = {
			isa = PBXResourcesBuildPhase;
			buildActionMask = 2147483647;
			files = (
			);
			runOnlyForDeploymentPostprocessing = 0;
		};
		E0DA87091C06E5D000111530 /* Resources */ = {
			isa = PBXResourcesBuildPhase;
			buildActionMask = 2147483647;
			files = (
			);
			runOnlyForDeploymentPostprocessing = 0;
		};
/* End PBXResourcesBuildPhase section */

/* Begin PBXSourcesBuildPhase section */
		E0DA86E81C06E5D000111530 /* Sources */ = {
			isa = PBXSourcesBuildPhase;
			buildActionMask = 2147483647;
			files = (
				E0DA86F21C06E5D000111530 /* ViewController.swift in Sources */,
				E0DA86F01C06E5D000111530 /* AppDelegate.swift in Sources */,
			);
			runOnlyForDeploymentPostprocessing = 0;
		};
		E0DA86FC1C06E5D000111530 /* Sources */ = {
			isa = PBXSourcesBuildPhase;
			buildActionMask = 2147483647;
			files = (
				E0DA87051C06E5D000111530 /* TestAppTests.swift in Sources */,
			);
			runOnlyForDeploymentPostprocessing = 0;
		};
		E0DA87071C06E5D000111530 /* Sources */ = {
			isa = PBXSourcesBuildPhase;
			buildActionMask = 2147483647;
			files = (
				E0DA87101C06E5D000111530 /* TestAppUITests.swift in Sources */,
			);
			runOnlyForDeploymentPostprocessing = 0;
		};
/* End PBXSourcesBuildPhase section */

/* Begin PBXTargetDependency section */
		E0DA87021C06E5D000111530 /* PBXTargetDependency */ = {
			isa = PBXTargetDependency;
			target = E0DA86EB1C06E5D000111530 /* TestApp */;
			targetProxy = E0DA87011C06E5D000111530 /* PBXContainerItemProxy */;
		};
		E0DA870D1C06E5D000111530 /* PBXTargetDependency */ = {
			isa = PBXTargetDependency;
			target = E0DA86EB1C06E5D000111530 /* TestApp */;
			targetProxy = E0DA870C1C06E5D000111530 /* PBXContainerItemProxy */;
		};
/* End PBXTargetDependency section */

/* Begin PBXVariantGroup section */
		E0DA86F31C06E5D000111530 /* Main.storyboard */ = {
			isa = PBXVariantGroup;
			children = (
				E0DA86F41C06E5D000111530 /* Base */,
			);
			name = Main.storyboard;
			sourceTree = "<group>";
		};
		E0DA86F81C06E5D000111530 /* LaunchScreen.storyboard */ = {
			isa = PBXVariantGroup;
			children = (
				E0DA86F91C06E5D000111530 /* Base */,
			);
			name = LaunchScreen.storyboard;
			sourceTree = "<group>";
		};
/* End PBXVariantGroup section */

/* Begin XCBuildConfiguration section */
		E0DA87121C06E5D000111530 /* Debug */ = {
			isa = XCBuildConfiguration;
			buildSettings = {
				ALWAYS_SEARCH_USER_PATHS = NO;
				CLANG_CXX_LANGUAGE_STANDARD = "gnu++0x";
				CLANG_CXX_LIBRARY = "libc++";
				CLANG_ENABLE_MODULES = YES;
				CLANG_ENABLE_OBJC_ARC = YES;
				CLANG_WARN_BOOL_CONVERSION = YES;
				CLANG_WARN_CONSTANT_CONVERSION = YES;
				CLANG_WARN_DIRECT_OBJC_ISA_USAGE = YES_ERROR;
				CLANG_WARN_EMPTY_BODY = YES;
				CLANG_WARN_ENUM_CONVERSION = YES;
				CLANG_WARN_INT_CONVERSION = YES;
				CLANG_WARN_OBJC_ROOT_CLASS = YES_ERROR;
				CLANG_WARN_UNREACHABLE_CODE = YES;
				CLANG_WARN__DUPLICATE_METHOD_MATCH = YES;
				"CODE_SIGN_IDENTITY[sdk=iphoneos*]" = "iPhone Developer";
				COPY_PHASE_STRIP = NO;
				DEBUG_INFORMATION_FORMAT = dwarf;
				ENABLE_STRICT_OBJC_MSGSEND = YES;
				ENABLE_TESTABILITY = YES;
				GCC_C_LANGUAGE_STANDARD = gnu99;
				GCC_DYNAMIC_NO_PIC = NO;
				GCC_NO_COMMON_BLOCKS = YES;
				GCC_OPTIMIZATION_LEVEL = 0;
				GCC_PREPROCESSOR_DEFINITIONS = (
					"DEBUG=1",
					"$(inherited)",
				);
				GCC_WARN_64_TO_32_BIT_CONVERSION = YES;
				GCC_WARN_ABOUT_RETURN_TYPE = YES_ERROR;
				GCC_WARN_UNDECLARED_SELECTOR = YES;
				GCC_WARN_UNINITIALIZED_AUTOS = YES_AGGRESSIVE;
				GCC_WARN_UNUSED_FUNCTION = YES;
				GCC_WARN_UNUSED_VARIABLE = YES;
				IPHONEOS_DEPLOYMENT_TARGET = 9.1;
				MTL_ENABLE_DEBUG_INFO = YES;
				ONLY_ACTIVE_ARCH = YES;
				SDKROOT = iphoneos;
				SWIFT_OPTIMIZATION_LEVEL = "-Onone";
			};
			name = Debug;
		};
		E0DA87131C06E5D000111530 /* Release */ = {
			isa = XCBuildConfiguration;
			buildSettings = {
				ALWAYS_SEARCH_USER_PATHS = NO;
				CLANG_CXX_LANGUAGE_STANDARD = "gnu++0x";
				CLANG_CXX_LIBRARY = "libc++";
				CLANG_ENABLE_MODULES = YES;
				CLANG_ENABLE_OBJC_ARC = YES;
				CLANG_WARN_BOOL_CONVERSION = YES;
				CLANG_WARN_CONSTANT_CONVERSION = YES;
				CLANG_WARN_DIRECT_OBJC_ISA_USAGE = YES_ERROR;
				CLANG_WARN_EMPTY_BODY = YES;
				CLANG_WARN_ENUM_CONVERSION = YES;
				CLANG_WARN_INT_CONVERSION = YES;
				CLANG_WARN_OBJC_ROOT_CLASS = YES_ERROR;
				CLANG_WARN_UNREACHABLE_CODE = YES;
				CLANG_WARN__DUPLICATE_METHOD_MATCH = YES;
				"CODE_SIGN_IDENTITY[sdk=iphoneos*]" = "iPhone Developer";
				COPY_PHASE_STRIP = NO;
				DEBUG_INFORMATION_FORMAT = "dwarf-with-dsym";
				ENABLE_NS_ASSERTIONS = NO;
				ENABLE_STRICT_OBJC_MSGSEND = YES;
				GCC_C_LANGUAGE_STANDARD = gnu99;
				GCC_NO_COMMON_BLOCKS = YES;
				GCC_WARN_64_TO_32_BIT_CONVERSION = YES;
				GCC_WARN_ABOUT_RETURN_TYPE = YES_ERROR;
				GCC_WARN_UNDECLARED_SELECTOR = YES;
				GCC_WARN_UNINITIALIZED_AUTOS = YES_AGGRESSIVE;
				GCC_WARN_UNUSED_FUNCTION = YES;
				GCC_WARN_UNUSED_VARIABLE = YES;
				IPHONEOS_DEPLOYMENT_TARGET = 9.1;
				MTL_ENABLE_DEBUG_INFO = NO;
				SDKROOT = iphoneos;
				VALIDATE_PRODUCT = YES;
			};
			name = Release;
		};
		E0DA87151C06E5D000111530 /* Debug */ = {
			isa = XCBuildConfiguration;
			buildSettings = {
				ASSETCATALOG_COMPILER_APPICON_NAME = AppIcon;
				INFOPLIST_FILE = TestApp/Info.plist;
				LD_RUNPATH_SEARCH_PATHS = "$(inherited) @executable_path/Frameworks";
				PRODUCT_BUNDLE_IDENTIFIER = com.chandresh.TestApp;
				PRODUCT_NAME = "$(TARGET_NAME)";
			};
			name = Debug;
		};
		E0DA87161C06E5D000111530 /* Release */ = {
			isa = XCBuildConfiguration;
			buildSettings = {
				ASSETCATALOG_COMPILER_APPICON_NAME = AppIcon;
				INFOPLIST_FILE = TestApp/Info.plist;
				LD_RUNPATH_SEARCH_PATHS = "$(inherited) @executable_path/Frameworks";
				PRODUCT_BUNDLE_IDENTIFIER = com.chandresh.TestApp;
				PRODUCT_NAME = "$(TARGET_NAME)";
			};
			name = Release;
		};
		E0DA87181C06E5D000111530 /* Debug */ = {
			isa = XCBuildConfiguration;
			buildSettings = {
				BUNDLE_LOADER = "$(TEST_HOST)";
				INFOPLIST_FILE = TestAppTests/Info.plist;
				LD_RUNPATH_SEARCH_PATHS = "$(inherited) @executable_path/Frameworks @loader_path/Frameworks";
				PRODUCT_BUNDLE_IDENTIFIER = com.chandresh.TestAppTests;
				PRODUCT_NAME = "$(TARGET_NAME)";
				TEST_HOST = "$(BUILT_PRODUCTS_DIR)/TestApp.app/TestApp";
			};
			name = Debug;
		};
		E0DA87191C06E5D000111530 /* Release */ = {
			isa = XCBuildConfiguration;
			buildSettings = {
				BUNDLE_LOADER = "$(TEST_HOST)";
				INFOPLIST_FILE = TestAppTests/Info.plist;
				LD_RUNPATH_SEARCH_PATHS = "$(inherited) @executable_path/Frameworks @loader_path/Frameworks";
				PRODUCT_BUNDLE_IDENTIFIER = com.chandresh.TestAppTests;
				PRODUCT_NAME = "$(TARGET_NAME)";
				TEST_HOST = "$(BUILT_PRODUCTS_DIR)/TestApp.app/TestApp";
			};
			name = Release;
		};
		E0DA871B1C06E5D000111530 /* Debug */ = {
			isa = XCBuildConfiguration;
			buildSettings = {
				INFOPLIST_FILE = TestAppUITests/Info.plist;
				LD_RUNPATH_SEARCH_PATHS = "$(inherited) @executable_path/Frameworks @loader_path/Frameworks";
				PRODUCT_BUNDLE_IDENTIFIER = com.chandresh.TestAppUITests;
				PRODUCT_NAME = "$(TARGET_NAME)";
				TEST_TARGET_NAME = TestApp;
				USES_XCTRUNNER = YES;
			};
			name = Debug;
		};
		E0DA871C1C06E5D000111530 /* Release */ = {
			isa = XCBuildConfiguration;
			buildSettings = {
				INFOPLIST_FILE = TestAppUITests/Info.plist;
				LD_RUNPATH_SEARCH_PATHS = "$(inherited) @executable_path/Frameworks @loader_path/Frameworks";
				PRODUCT_BUNDLE_IDENTIFIER = com.chandresh.TestAppUITests;
				PRODUCT_NAME = "$(TARGET_NAME)";
				TEST_TARGET_NAME = TestApp;
				USES_XCTRUNNER = YES;
			};
			name = Release;
		};
/* End XCBuildConfiguration section */

/* Begin XCConfigurationList section */
		E0DA86E71C06E5D000111530 /* Build configuration list for PBXProject "TestApp" */ = {
			isa = XCConfigurationList;
			buildConfigurations = (
				E0DA87121C06E5D000111530 /* Debug */,
				E0DA87131C06E5D000111530 /* Release */,
			);
			defaultConfigurationIsVisible = 0;
			defaultConfigurationName = Release;
		};
		E0DA87141C06E5D000111530 /* Build configuration list for PBXNativeTarget "TestApp" */ = {
			isa = XCConfigurationList;
			buildConfigurations = (
				E0DA87151C06E5D000111530 /* Debug */,
				E0DA87161C06E5D000111530 /* Release */,
			);
			defaultConfigurationIsVisible = 0;
		};
		E0DA87171C06E5D000111530 /* Build configuration list for PBXNativeTarget "TestAppTests" */ = {
			isa = XCConfigurationList;
			buildConfigurations = (
				E0DA87181C06E5D000111530 /* Debug */,
				E0DA87191C06E5D000111530 /* Release */,
			);
			defaultConfigurationIsVisible = 0;
		};
		E0DA871A1C06E5D000111530 /* Build configuration list for PBXNativeTarget "TestAppUITests" */ = {
			isa = XCConfigurationList;
			buildConfigurations = (
				E0DA871B1C06E5D000111530 /* Debug */,
				E0DA871C1C06E5D000111530 /* Release */,
			);
			defaultConfigurationIsVisible = 0;
		};
/* End XCConfigurationList section */
	};
	rootObject = E0DA86E41C06E5D000111530 /* Project object */;
}
